// !$*UTF8*$!
{
	archiveVersion = 1;
	classes = {
	};
	objectVersion = 48;
	objects = {

/* Begin PBXBuildFile section */
		2DFCC3CB1FDB4EC8002110CE /* AppDelegate.swift in Sources */ = {isa = PBXBuildFile; fileRef = 2DFCC3CA1FDB4EC8002110CE /* AppDelegate.swift */; };
		2DFCC3CD1FDB4EC8002110CE /* ViewController.swift in Sources */ = {isa = PBXBuildFile; fileRef = 2DFCC3CC1FDB4EC8002110CE /* ViewController.swift */; };
		2DFCC3D01FDB4EC8002110CE /* Main.storyboard in Resources */ = {isa = PBXBuildFile; fileRef = 2DFCC3CE1FDB4EC8002110CE /* Main.storyboard */; };
		2DFCC3D31FDB4EC8002110CE /* Soundboard.xcdatamodeld in Sources */ = {isa = PBXBuildFile; fileRef = 2DFCC3D11FDB4EC8002110CE /* Soundboard.xcdatamodeld */; };
		2DFCC3D51FDB4EC8002110CE /* Assets.xcassets in Resources */ = {isa = PBXBuildFile; fileRef = 2DFCC3D41FDB4EC8002110CE /* Assets.xcassets */; };
		2DFCC3D81FDB4EC8002110CE /* LaunchScreen.storyboard in Resources */ = {isa = PBXBuildFile; fileRef = 2DFCC3D61FDB4EC8002110CE /* LaunchScreen.storyboard */; };
		2DFCC3E01FDB560A002110CE /* SoundViewController.swift in Sources */ = {isa = PBXBuildFile; fileRef = 2DFCC3DF1FDB560A002110CE /* SoundViewController.swift */; };
/* End PBXBuildFile section */

/* Begin PBXFileReference section */
		2DFCC3C71FDB4EC8002110CE /* Soundboard.app */ = {isa = PBXFileReference; explicitFileType = wrapper.application; includeInIndex = 0; path = Soundboard.app; sourceTree = BUILT_PRODUCTS_DIR; };
		2DFCC3CA1FDB4EC8002110CE /* AppDelegate.swift */ = {isa = PBXFileReference; lastKnownFileType = sourcecode.swift; path = AppDelegate.swift; sourceTree = "<group>"; };
		2DFCC3CC1FDB4EC8002110CE /* ViewController.swift */ = {isa = PBXFileReference; lastKnownFileType = sourcecode.swift; path = ViewController.swift; sourceTree = "<group>"; };
		2DFCC3CF1FDB4EC8002110CE /* Base */ = {isa = PBXFileReference; lastKnownFileType = file.storyboard; name = Base; path = Base.lproj/Main.storyboard; sourceTree = "<group>"; };
		2DFCC3D21FDB4EC8002110CE /* Soundboard.xcdatamodel */ = {isa = PBXFileReference; lastKnownFileType = wrapper.xcdatamodel; path = Soundboard.xcdatamodel; sourceTree = "<group>"; };
		2DFCC3D41FDB4EC8002110CE /* Assets.xcassets */ = {isa = PBXFileReference; lastKnownFileType = folder.assetcatalog; path = Assets.xcassets; sourceTree = "<group>"; };
		2DFCC3D71FDB4EC8002110CE /* Base */ = {isa = PBXFileReference; lastKnownFileType = file.storyboard; name = Base; path = Base.lproj/LaunchScreen.storyboard; sourceTree = "<group>"; };
		2DFCC3D91FDB4EC8002110CE /* Info.plist */ = {isa = PBXFileReference; lastKnownFileType = text.plist.xml; path = Info.plist; sourceTree = "<group>"; };
		2DFCC3DF1FDB560A002110CE /* SoundViewController.swift */ = {isa = PBXFileReference; lastKnownFileType = sourcecode.swift; path = SoundViewController.swift; sourceTree = "<group>"; };
/* End PBXFileReference section */

/* Begin PBXFrameworksBuildPhase section */
		2DFCC3C41FDB4EC8002110CE /* Frameworks */ = {
			isa = PBXFrameworksBuildPhase;
			buildActionMask = 2147483647;
			files = (
			);
			runOnlyForDeploymentPostprocessing = 0;
		};
/* End PBXFrameworksBuildPhase section */

/* Begin PBXGroup section */
		2DFCC3BE1FDB4EC8002110CE = {
			isa = PBXGroup;
			children = (
				2DFCC3C91FDB4EC8002110CE /* Soundboard */,
				2DFCC3C81FDB4EC8002110CE /* Products */,
			);
			sourceTree = "<group>";
		};
		2DFCC3C81FDB4EC8002110CE /* Products */ = {
			isa = PBXGroup;
			children = (
				2DFCC3C71FDB4EC8002110CE /* Soundboard.app */,
			);
			name = Products;
			sourceTree = "<group>";
		};
		2DFCC3C91FDB4EC8002110CE /* Soundboard */ = {
			isa = PBXGroup;
			children = (
				2DFCC3CA1FDB4EC8002110CE /* AppDelegate.swift */,
				2DFCC3CC1FDB4EC8002110CE /* ViewController.swift */,
				2DFCC3DF1FDB560A002110CE /* SoundViewController.swift */,
				2DFCC3CE1FDB4EC8002110CE /* Main.storyboard */,
				2DFCC3D41FDB4EC8002110CE /* Assets.xcassets */,
				2DFCC3D61FDB4EC8002110CE /* LaunchScreen.storyboard */,
				2DFCC3D91FDB4EC8002110CE /* Info.plist */,
				2DFCC3D11FDB4EC8002110CE /* Soundboard.xcdatamodeld */,
			);
			path = Soundboard;
			sourceTree = "<group>";
		};
/* End PBXGroup section */

/* Begin PBXNativeTarget section */
		2DFCC3C61FDB4EC8002110CE /* Soundboard */ = {
			isa = PBXNativeTarget;
			buildConfigurationList = 2DFCC3DC1FDB4EC8002110CE /* Build configuration list for PBXNativeTarget "Soundboard" */;
			buildPhases = (
				2DFCC3C31FDB4EC8002110CE /* Sources */,
				2DFCC3C41FDB4EC8002110CE /* Frameworks */,
				2DFCC3C51FDB4EC8002110CE /* Resources */,
			);
			buildRules = (
			);
			dependencies = (
			);
			name = Soundboard;
			productName = Soundboard;
			productReference = 2DFCC3C71FDB4EC8002110CE /* Soundboard.app */;
			productType = "com.apple.product-type.application";
		};
/* End PBXNativeTarget section */

/* Begin PBXProject section */
		2DFCC3BF1FDB4EC8002110CE /* Project object */ = {
			isa = PBXProject;
			attributes = {
				LastSwiftUpdateCheck = 0900;
				LastUpgradeCheck = 0900;
				ORGANIZATIONNAME = "Sophie Amin";
				TargetAttributes = {
					2DFCC3C61FDB4EC8002110CE = {
						CreatedOnToolsVersion = 9.0;
						ProvisioningStyle = Automatic;
					};
				};
			};
			buildConfigurationList = 2DFCC3C21FDB4EC8002110CE /* Build configuration list for PBXProject "Soundboard" */;
			compatibilityVersion = "Xcode 8.0";
			developmentRegion = en;
			hasScannedForEncodings = 0;
			knownRegions = (
				en,
				Base,
			);
			mainGroup = 2DFCC3BE1FDB4EC8002110CE;
			productRefGroup = 2DFCC3C81FDB4EC8002110CE /* Products */;
			projectDirPath = "";
			projectRoot = "";
			targets = (
				2DFCC3C61FDB4EC8002110CE /* Soundboard */,
			);
		};
/* End PBXProject section */

/* Begin PBXResourcesBuildPhase section */
		2DFCC3C51FDB4EC8002110CE /* Resources */ = {
			isa = PBXResourcesBuildPhase;
			buildActionMask = 2147483647;
			files = (
				2DFCC3D81FDB4EC8002110CE /* LaunchScreen.storyboard in Resources */,
				2DFCC3D51FDB4EC8002110CE /* Assets.xcassets in Resources */,
				2DFCC3D01FDB4EC8002110CE /* Main.storyboard in Resources */,
			);
			runOnlyForDeploymentPostprocessing = 0;
		};
/* End PBXResourcesBuildPhase section */

/* Begin PBXSourcesBuildPhase section */
		2DFCC3C31FDB4EC8002110CE /* Sources */ = {
			isa = PBXSourcesBuildPhase;
			buildActionMask = 2147483647;
			files = (
				2DFCC3E01FDB560A002110CE /* SoundViewController.swift in Sources */,
				2DFCC3CD1FDB4EC8002110CE /* ViewController.swift in Sources */,
				2DFCC3D31FDB4EC8002110CE /* Soundboard.xcdatamodeld in Sources */,
				2DFCC3CB1FDB4EC8002110CE /* AppDelegate.swift in Sources */,
			);
			runOnlyForDeploymentPostprocessing = 0;
		};
/* End PBXSourcesBuildPhase section */

/* Begin PBXVariantGroup section */
		2DFCC3CE1FDB4EC8002110CE /* Main.storyboard */ = {
			isa = PBXVariantGroup;
			children = (
				2DFCC3CF1FDB4EC8002110CE /* Base */,
			);
			name = Main.storyboard;
			sourceTree = "<group>";
		};
		2DFCC3D61FDB4EC8002110CE /* LaunchScreen.storyboard */ = {
			isa = PBXVariantGroup;
			children = (
				2DFCC3D71FDB4EC8002110CE /* Base */,
			);
			name = LaunchScreen.storyboard;
			sourceTree = "<group>";
		};
/* End PBXVariantGroup section */

/* Begin XCBuildConfiguration section */
		2DFCC3DA1FDB4EC8002110CE /* Debug */ = {
			isa = XCBuildConfiguration;
			buildSettings = {
				ALWAYS_SEARCH_USER_PATHS = NO;
				CLANG_ANALYZER_NONNULL = YES;
				CLANG_ANALYZER_NUMBER_OBJECT_CONVERSION = YES_AGGRESSIVE;
				CLANG_CXX_LANGUAGE_STANDARD = "gnu++14";
				CLANG_CXX_LIBRARY = "libc++";
				CLANG_ENABLE_MODULES = YES;
				CLANG_ENABLE_OBJC_ARC = YES;
				CLANG_WARN_BLOCK_CAPTURE_AUTORELEASING = YES;
				CLANG_WARN_BOOL_CONVERSION = YES;
				CLANG_WARN_COMMA = YES;
				CLANG_WARN_CONSTANT_CONVERSION = YES;
				CLANG_WARN_DIRECT_OBJC_ISA_USAGE = YES_ERROR;
				CLANG_WARN_DOCUMENTATION_COMMENTS = YES;
				CLANG_WARN_EMPTY_BODY = YES;
				CLANG_WARN_ENUM_CONVERSION = YES;
				CLANG_WARN_INFINITE_RECURSION = YES;
				CLANG_WARN_INT_CONVERSION = YES;
				CLANG_WARN_NON_LITERAL_NULL_CONVERSION = YES;
				CLANG_WARN_OBJC_LITERAL_CONVERSION = YES;
				CLANG_WARN_OBJC_ROOT_CLASS = YES_ERROR;
				CLANG_WARN_RANGE_LOOP_ANALYSIS = YES;
				CLANG_WARN_STRICT_PROTOTYPES = YES;
				CLANG_WARN_SUSPICIOUS_MOVE = YES;
				CLANG_WARN_UNGUARDED_AVAILABILITY = YES_AGGRESSIVE;
				CLANG_WARN_UNREACHABLE_CODE = YES;
				CLANG_WARN__DUPLICATE_METHOD_MATCH = YES;
				CODE_SIGN_IDENTITY = "iPhone Developer";
				COPY_PHASE_STRIP = NO;
				DEBUG_INFORMATION_FORMAT = dwarf;
				ENABLE_STRICT_OBJC_MSGSEND = YES;
				ENABLE_TESTABILITY = YES;
				GCC_C_LANGUAGE_STANDARD = gnu11;
				GCC_DYNAMIC_NO_PIC = NO;
				GCC_NO_COMMON_BLOCKS = YES;
				GCC_OPTIMIZATION_LEVEL = 0;
				GCC_PREPROCESSOR_DEFINITIONS = (
					"DEBUG=1",
					"$(inherited)",
				);
				GCC_WARN_64_TO_32_BIT_CONVERSION = YES;
				GCC_WARN_ABOUT_RETURN_TYPE = YES_ERROR;
				GCC_WARN_UNDECLARED_SELECTOR = YES;
				GCC_WARN_UNINITIALIZED_AUTOS = YES_AGGRESSIVE;
				GCC_WARN_UNUSED_FUNCTION = YES;
				GCC_WARN_UNUSED_VARIABLE = YES;
				IPHONEOS_DEPLOYMENT_TARGET = 11.0;
				MTL_ENABLE_DEBUG_INFO = YES;
				ONLY_ACTIVE_ARCH = YES;
				SDKROOT = iphoneos;
				SWIFT_ACTIVE_COMPILATION_CONDITIONS = DEBUG;
				SWIFT_OPTIMIZATION_LEVEL = "-Onone";
			};
			name = Debug;
		};
		2DFCC3DB1FDB4EC8002110CE /* Release */ = {
			isa = XCBuildConfiguration;
			buildSettings = {
				ALWAYS_SEARCH_USER_PATHS = NO;
				CLANG_ANALYZER_NONNULL = YES;
				CLANG_ANALYZER_NUMBER_OBJECT_CONVERSION = YES_AGGRESSIVE;
				CLANG_CXX_LANGUAGE_STANDARD = "gnu++14";
				CLANG_CXX_LIBRARY = "libc++";
				CLANG_ENABLE_MODULES = YES;
				CLANG_ENABLE_OBJC_ARC = YES;
				CLANG_WARN_BLOCK_CAPTURE_AUTORELEASING = YES;
				CLANG_WARN_BOOL_CONVERSION = YES;
				CLANG_WARN_COMMA = YES;
				CLANG_WARN_CONSTANT_CONVERSION = YES;
				CLANG_WARN_DIRECT_OBJC_ISA_USAGE = YES_ERROR;
				CLANG_WARN_DOCUMENTATION_COMMENTS = YES;
				CLANG_WARN_EMPTY_BODY = YES;
				CLANG_WARN_ENUM_CONVERSION = YES;
				CLANG_WARN_INFINITE_RECURSION = YES;
				CLANG_WARN_INT_CONVERSION = YES;
				CLANG_WARN_NON_LITERAL_NULL_CONVERSION = YES;
				CLANG_WARN_OBJC_LITERAL_CONVERSION = YES;
				CLANG_WARN_OBJC_ROOT_CLASS = YES_ERROR;
				CLANG_WARN_RANGE_LOOP_ANALYSIS = YES;
				CLANG_WARN_STRICT_PROTOTYPES = YES;
				CLANG_WARN_SUSPICIOUS_MOVE = YES;
				CLANG_WARN_UNGUARDED_AVAILABILITY = YES_AGGRESSIVE;
				CLANG_WARN_UNREACHABLE_CODE = YES;
				CLANG_WARN__DUPLICATE_METHOD_MATCH = YES;
				CODE_SIGN_IDENTITY = "iPhone Developer";
				COPY_PHASE_STRIP = NO;
				DEBUG_INFORMATION_FORMAT = "dwarf-with-dsym";
				ENABLE_NS_ASSERTIONS = NO;
				ENABLE_STRICT_OBJC_MSGSEND = YES;
				GCC_C_LANGUAGE_STANDARD = gnu11;
				GCC_NO_COMMON_BLOCKS = YES;
				GCC_WARN_64_TO_32_BIT_CONVERSION = YES;
				GCC_WARN_ABOUT_RETURN_TYPE = YES_ERROR;
				GCC_WARN_UNDECLARED_SELECTOR = YES;
				GCC_WARN_UNINITIALIZED_AUTOS = YES_AGGRESSIVE;
				GCC_WARN_UNUSED_FUNCTION = YES;
				GCC_WARN_UNUSED_VARIABLE = YES;
				IPHONEOS_DEPLOYMENT_TARGET = 11.0;
				MTL_ENABLE_DEBUG_INFO = NO;
				SDKROOT = iphoneos;
				SWIFT_OPTIMIZATION_LEVEL = "-Owholemodule";
				VALIDATE_PRODUCT = YES;
			};
			name = Release;
		};
		2DFCC3DD1FDB4EC8002110CE /* Debug */ = {
			isa = XCBuildConfiguration;
			buildSettings = {
				ASSETCATALOG_COMPILER_APPICON_NAME = AppIcon;
				CODE_SIGN_STYLE = Automatic;
				INFOPLIST_FILE = Soundboard/Info.plist;
				LD_RUNPATH_SEARCH_PATHS = "$(inherited) @executable_path/Frameworks";
				PRODUCT_BUNDLE_IDENTIFIER = "Sophie-Amin.Soundboard";
				PRODUCT_NAME = "$(TARGET_NAME)";
				SWIFT_VERSION = 4.0;
				TARGETED_DEVICE_FAMILY = "1,2";
			};
			name = Debug;
		};
		2DFCC3DE1FDB4EC8002110CE /* Release */ = {
			isa = XCBuildConfiguration;
			buildSettings = {
				ASSETCATALOG_COMPILER_APPICON_NAME = AppIcon;
				CODE_SIGN_STYLE = Automatic;
				INFOPLIST_FILE = Soundboard/Info.plist;
				LD_RUNPATH_SEARCH_PATHS = "$(inherited) @executable_path/Frameworks";
				PRODUCT_BUNDLE_IDENTIFIER = "Sophie-Amin.Soundboard";
				PRODUCT_NAME = "$(TARGET_NAME)";
				SWIFT_VERSION = 4.0;
				TARGETED_DEVICE_FAMILY = "1,2";
			};
			name = Release;
		};
/* End XCBuildConfiguration section */

/* Begin XCConfigurationList section */
		2DFCC3C21FDB4EC8002110CE /* Build configuration list for PBXProject "Soundboard" */ = {
			isa = XCConfigurationList;
			buildConfigurations = (
				2DFCC3DA1FDB4EC8002110CE /* Debug */,
				2DFCC3DB1FDB4EC8002110CE /* Release */,
			);
			defaultConfigurationIsVisible = 0;
			defaultConfigurationName = Release;
		};
		2DFCC3DC1FDB4EC8002110CE /* Build configuration list for PBXNativeTarget "Soundboard" */ = {
			isa = XCConfigurationList;
			buildConfigurations = (
				2DFCC3DD1FDB4EC8002110CE /* Debug */,
				2DFCC3DE1FDB4EC8002110CE /* Release */,
			);
			defaultConfigurationIsVisible = 0;
			defaultConfigurationName = Release;
		};
/* End XCConfigurationList section */

/* Begin XCVersionGroup section */
		2DFCC3D11FDB4EC8002110CE /* Soundboard.xcdatamodeld */ = {
			isa = XCVersionGroup;
			children = (
				2DFCC3D21FDB4EC8002110CE /* Soundboard.xcdatamodel */,
			);
			currentVersion = 2DFCC3D21FDB4EC8002110CE /* Soundboard.xcdatamodel */;
			path = Soundboard.xcdatamodeld;
			sourceTree = "<group>";
			versionGroupType = wrapper.xcdatamodel;
		};
/* End XCVersionGroup section */
	};
	rootObject = 2DFCC3BF1FDB4EC8002110CE /* Project object */;
}
